{
  "name": "javascript",
  "lockfileVersion": 2,
  "requires": true,
  "packages": {
    "": {
      "dependencies": {
        "mui": "^0.0.1"
      }
    },
    "node_modules/mui": {
      "version": "0.0.1",
      "resolved": "https://registry.npm.taobao.org/mui/download/mui-0.0.1.tgz",
      "integrity": "sha1-Rppx8JMpaVJiceyTncWVmAZZB2I="
    }
  },
  "dependencies": {
    "mui": {
      "version": "0.0.1",
      "resolved": "https://registry.npm.taobao.org/mui/download/mui-0.0.1.tgz",
      "integrity": "sha1-Rppx8JMpaVJiceyTncWVmAZZB2I="
    }
  }
}
